Microsoft Visual Studio Solution File, Format Version 12.00
# Visual Studio Version 16
VisualStudioVersion = 16.0.28407.52
MinimumVisualStudioVersion = 10.0.40219.1
Project("{2150E333-8FDC-42A3-9474-1A3956D46DE8}") = "source", "source", "{9AF0CCBE-E422-4AC5-943F-5F97421C4119}"
EndProject
Project("{2150E333-8FDC-42A3-9474-1A3956D46DE8}") = "examples", "examples", "{121826B7-1D78-40B0-8FD7-8CBA899A0678}"
EndProject
Project("{9A19103F-16F7-4668-BE54-9A1E7A4F7556}") = "TCD.Numerics.Hashing", "source\TCD.Numerics.Hashing\TCD.Numerics.Hashing.csproj", "{4E69E594-50A7-48DB-B60A-41BDE0AF6AD7}"
EndProject
Project("{9A19103F-16F7-4668-BE54-9A1E7A4F7556}") = "TCD.Platform", "source\TCD.Platform\TCD.Platform.csproj", "{2A372373-4B58-4BEE-ABE5-579B4D80D47C}"
EndProject
Project("{9A19103F-16F7-4668-BE54-9A1E7A4F7556}") = "TCD.Collections.MultiValueDictionary", "source\TCD.Collections.MultiValueDictionary\TCD.Collections.MultiValueDictionary.csproj", "{275802D2-5185-4D2A-AF7A-D25D0F0A933A}"
EndProject
Project("{9A19103F-16F7-4668-BE54-9A1E7A4F7556}") = "TCD.Disposable", "source\TCD.Disposable\TCD.Disposable.csproj", "{8982D6BE-25B6-4984-9703-DBDCEE417CB9}"
EndProject
Project("{9A19103F-16F7-4668-BE54-9A1E7A4F7556}") = "TCD.InteropServices", "source\TCD.InteropServices\TCD.InteropServices.csproj", "{C613D03D-EDB4-42D4-AB22-26B83566E634}"
EndProject
Project("{9A19103F-16F7-4668-BE54-9A1E7A4F7556}") = "TCD.Drawing.Primitives", "source\TCD.Drawing.Primitives\TCD.Drawing.Primitives.csproj", "{15495FB9-2C49-4789-AB1F-CDB2B8794EFB}"
EndProject
Project("{9A19103F-16F7-4668-BE54-9A1E7A4F7556}") = "TCD.Native.Libui", "source\TCD.Native.Libui\TCD.Native.Libui.csproj", "{F6EB753C-3CAB-4380-9D88-1EACFAC93BFE}"
EndProject
Project("{9A19103F-16F7-4668-BE54-9A1E7A4F7556}") = "TCD.UI", "source\TCD.UI\TCD.UI.csproj", "{99631435-696E-4CE0-8D3A-76883A7983A2}"
EndProject
Project("{9A19103F-16F7-4668-BE54-9A1E7A4F7556}") = "TCD.Drawing.Common", "source\TCD.Drawing.Common\TCD.Drawing.Common.csproj", "{91990A8E-C41D-456C-993F-78C7EC782AB7}"
EndProject
Project("{9A19103F-16F7-4668-BE54-9A1E7A4F7556}") = "TCD.Drawing.Text", "source\TCD.Drawing.Text\TCD.Drawing.Text.csproj", "{10B19A65-3668-4BCF-ADFE-36B26F698CA4}"
EndProject
Project("{9A19103F-16F7-4668-BE54-9A1E7A4F7556}") = "ControlGalleryExample", "examples\ControlGalleryExample\ControlGalleryExample.csproj", "{8065766F-3F82-4C50-9EA5-2E3638CDEA56}"
EndProject
Project("{9A19103F-16F7-4668-BE54-9A1E7A4F7556}") = "SimpleWindowExample", "examples\SimpleWindowExample\SimpleWindowExample.csproj", "{41DEDD3B-AD36-4FEC-B2A9-FF69054D32B6}"
EndProject
Project("{9A19103F-16F7-4668-BE54-9A1E7A4F7556}") = "SimpleWindowWithMenuExample", "examples\SimpleWindowWithMenuExample\SimpleWindowWithMenuExample.csproj", "{EAD31874-9EC5-4326-9ABE-7CCABF914559}"
EndProject
Global
	GlobalSection(SolutionConfigurationPlatforms) = preSolution
		Debug|Any CPU = Debug|Any CPU
		Release|Any CPU = Release|Any CPU
	EndGlobalSection
	GlobalSection(ProjectConfigurationPlatforms) = postSolution
		{275802D2-5185-4D2A-AF7A-D25D0F0A933A}.Debug|Any CPU.ActiveCfg = Debug|Any CPU
		{275802D2-5185-4D2A-AF7A-D25D0F0A933A}.Debug|Any CPU.Build.0 = Debug|Any CPU
		{275802D2-5185-4D2A-AF7A-D25D0F0A933A}.Release|Any CPU.ActiveCfg = Release|Any CPU
		{275802D2-5185-4D2A-AF7A-D25D0F0A933A}.Release|Any CPU.Build.0 = Release|Any CPU
		{8982D6BE-25B6-4984-9703-DBDCEE417CB9}.Debug|Any CPU.ActiveCfg = Debug|Any CPU
		{8982D6BE-25B6-4984-9703-DBDCEE417CB9}.Debug|Any CPU.Build.0 = Debug|Any CPU
		{8982D6BE-25B6-4984-9703-DBDCEE417CB9}.Release|Any CPU.ActiveCfg = Release|Any CPU
		{8982D6BE-25B6-4984-9703-DBDCEE417CB9}.Release|Any CPU.Build.0 = Release|Any CPU
		{91990A8E-C41D-456C-993F-78C7EC782AB7}.Debug|Any CPU.ActiveCfg = Debug|Any CPU
		{91990A8E-C41D-456C-993F-78C7EC782AB7}.Debug|Any CPU.Build.0 = Debug|Any CPU
		{91990A8E-C41D-456C-993F-78C7EC782AB7}.Release|Any CPU.ActiveCfg = Release|Any CPU
		{91990A8E-C41D-456C-993F-78C7EC782AB7}.Release|Any CPU.Build.0 = Release|Any CPU
		{15495FB9-2C49-4789-AB1F-CDB2B8794EFB}.Debug|Any CPU.ActiveCfg = Debug|Any CPU
		{15495FB9-2C49-4789-AB1F-CDB2B8794EFB}.Debug|Any CPU.Build.0 = Debug|Any CPU
		{15495FB9-2C49-4789-AB1F-CDB2B8794EFB}.Release|Any CPU.ActiveCfg = Release|Any CPU
		{15495FB9-2C49-4789-AB1F-CDB2B8794EFB}.Release|Any CPU.Build.0 = Release|Any CPU
		{10B19A65-3668-4BCF-ADFE-36B26F698CA4}.Debug|Any CPU.ActiveCfg = Debug|Any CPU
		{10B19A65-3668-4BCF-ADFE-36B26F698CA4}.Debug|Any CPU.Build.0 = Debug|Any CPU
		{10B19A65-3668-4BCF-ADFE-36B26F698CA4}.Release|Any CPU.ActiveCfg = Release|Any CPU
		{10B19A65-3668-4BCF-ADFE-36B26F698CA4}.Release|Any CPU.Build.0 = Release|Any CPU
		{C613D03D-EDB4-42D4-AB22-26B83566E634}.Debug|Any CPU.ActiveCfg = Debug|Any CPU
		{C613D03D-EDB4-42D4-AB22-26B83566E634}.Debug|Any CPU.Build.0 = Debug|Any CPU
		{C613D03D-EDB4-42D4-AB22-26B83566E634}.Release|Any CPU.ActiveCfg = Release|Any CPU
		{C613D03D-EDB4-42D4-AB22-26B83566E634}.Release|Any CPU.Build.0 = Release|Any CPU
		{F6EB753C-3CAB-4380-9D88-1EACFAC93BFE}.Debug|Any CPU.ActiveCfg = Debug|Any CPU
		{F6EB753C-3CAB-4380-9D88-1EACFAC93BFE}.Debug|Any CPU.Build.0 = Debug|Any CPU
		{F6EB753C-3CAB-4380-9D88-1EACFAC93BFE}.Release|Any CPU.ActiveCfg = Release|Any CPU
		{F6EB753C-3CAB-4380-9D88-1EACFAC93BFE}.Release|Any CPU.Build.0 = Release|Any CPU
		{99631435-696E-4CE0-8D3A-76883A7983A2}.Debug|Any CPU.ActiveCfg = Debug|Any CPU
		{99631435-696E-4CE0-8D3A-76883A7983A2}.Debug|Any CPU.Build.0 = Debug|Any CPU
		{99631435-696E-4CE0-8D3A-76883A7983A2}.Release|Any CPU.ActiveCfg = Release|Any CPU
		{99631435-696E-4CE0-8D3A-76883A7983A2}.Release|Any CPU.Build.0 = Release|Any CPU
		{8065766F-3F82-4C50-9EA5-2E3638CDEA56}.Debug|Any CPU.ActiveCfg = Debug|Any CPU
		{8065766F-3F82-4C50-9EA5-2E3638CDEA56}.Debug|Any CPU.Build.0 = Debug|Any CPU
		{8065766F-3F82-4C50-9EA5-2E3638CDEA56}.Release|Any CPU.ActiveCfg = Release|Any CPU
		{8065766F-3F82-4C50-9EA5-2E3638CDEA56}.Release|Any CPU.Build.0 = Release|Any CPU
		{41DEDD3B-AD36-4FEC-B2A9-FF69054D32B6}.Debug|Any CPU.ActiveCfg = Debug|Any CPU
		{41DEDD3B-AD36-4FEC-B2A9-FF69054D32B6}.Debug|Any CPU.Build.0 = Debug|Any CPU
		{41DEDD3B-AD36-4FEC-B2A9-FF69054D32B6}.Release|Any CPU.ActiveCfg = Release|Any CPU
		{41DEDD3B-AD36-4FEC-B2A9-FF69054D32B6}.Release|Any CPU.Build.0 = Release|Any CPU
		{EAD31874-9EC5-4326-9ABE-7CCABF914559}.Debug|Any CPU.ActiveCfg = Debug|Any CPU
		{EAD31874-9EC5-4326-9ABE-7CCABF914559}.Debug|Any CPU.Build.0 = Debug|Any CPU
		{EAD31874-9EC5-4326-9ABE-7CCABF914559}.Release|Any CPU.ActiveCfg = Release|Any CPU
		{EAD31874-9EC5-4326-9ABE-7CCABF914559}.Release|Any CPU.Build.0 = Release|Any CPU
		{4E69E594-50A7-48DB-B60A-41BDE0AF6AD7}.Debug|Any CPU.ActiveCfg = Debug|Any CPU
		{4E69E594-50A7-48DB-B60A-41BDE0AF6AD7}.Debug|Any CPU.Build.0 = Debug|Any CPU
		{4E69E594-50A7-48DB-B60A-41BDE0AF6AD7}.Release|Any CPU.ActiveCfg = Release|Any CPU
		{4E69E594-50A7-48DB-B60A-41BDE0AF6AD7}.Release|Any CPU.Build.0 = Release|Any CPU
		{2A372373-4B58-4BEE-ABE5-579B4D80D47C}.Debug|Any CPU.ActiveCfg = Debug|Any CPU
		{2A372373-4B58-4BEE-ABE5-579B4D80D47C}.Debug|Any CPU.Build.0 = Debug|Any CPU
		{2A372373-4B58-4BEE-ABE5-579B4D80D47C}.Release|Any CPU.ActiveCfg = Release|Any CPU
		{2A372373-4B58-4BEE-ABE5-579B4D80D47C}.Release|Any CPU.Build.0 = Release|Any CPU
	EndGlobalSection
	GlobalSection(SolutionProperties) = preSolution
		HideSolutionNode = FALSE
	EndGlobalSection
	GlobalSection(NestedProjects) = preSolution
		{275802D2-5185-4D2A-AF7A-D25D0F0A933A} = {9AF0CCBE-E422-4AC5-943F-5F97421C4119}
		{8982D6BE-25B6-4984-9703-DBDCEE417CB9} = {9AF0CCBE-E422-4AC5-943F-5F97421C4119}
		{91990A8E-C41D-456C-993F-78C7EC782AB7} = {9AF0CCBE-E422-4AC5-943F-5F97421C4119}
		{15495FB9-2C49-4789-AB1F-CDB2B8794EFB} = {9AF0CCBE-E422-4AC5-943F-5F97421C4119}
		{10B19A65-3668-4BCF-ADFE-36B26F698CA4} = {9AF0CCBE-E422-4AC5-943F-5F97421C4119}
		{C613D03D-EDB4-42D4-AB22-26B83566E634} = {9AF0CCBE-E422-4AC5-943F-5F97421C4119}
		{F6EB753C-3CAB-4380-9D88-1EACFAC93BFE} = {9AF0CCBE-E422-4AC5-943F-5F97421C4119}
		{99631435-696E-4CE0-8D3A-76883A7983A2} = {9AF0CCBE-E422-4AC5-943F-5F97421C4119}
		{8065766F-3F82-4C50-9EA5-2E3638CDEA56} = {121826B7-1D78-40B0-8FD7-8CBA899A0678}
		{41DEDD3B-AD36-4FEC-B2A9-FF69054D32B6} = {121826B7-1D78-40B0-8FD7-8CBA899A0678}
		{EAD31874-9EC5-4326-9ABE-7CCABF914559} = {121826B7-1D78-40B0-8FD7-8CBA899A0678}
		{4E69E594-50A7-48DB-B60A-41BDE0AF6AD7} = {9AF0CCBE-E422-4AC5-943F-5F97421C4119}
		{2A372373-4B58-4BEE-ABE5-579B4D80D47C} = {9AF0CCBE-E422-4AC5-943F-5F97421C4119}
	EndGlobalSection
	GlobalSection(ExtensibilityGlobals) = postSolution
		SolutionGuid = {879FEE46-8719-4B71-8405-D6325F886278}
	EndGlobalSection
EndGlobal
