Microsoft Visual Studio Solution File, Format Version 12.00
# Visual Studio Version 16
VisualStudioVersion = 16.0.28407.52
MinimumVisualStudioVersion = 10.0.40219.1
Project("{2150E333-8FDC-42A3-9474-1A3956D46DE8}") = "sources", "sources", "{54414344-6576-656C-6F70-464C44520002}"
EndProject
Project("{9A19103F-16F7-4668-BE54-9A1E7A4F7556}") = "TCD.Collections.MultiValueDictionary", "sources\TCD.Collections.MultiValueDictionary\TCD.Collections.MultiValueDictionary.csproj", "{54414344-6576-656C-6F70-53524353933A}"
EndProject
Project("{9A19103F-16F7-4668-BE54-9A1E7A4F7556}") = "TCD.Disposable", "sources\TCD.Disposable\TCD.Disposable.csproj", "{54414344-6576-656C-6F70-535243537CB9}"
EndProject
Project("{9A19103F-16F7-4668-BE54-9A1E7A4F7556}") = "TCD.Drawing.Common", "sources\TCD.Drawing.Common\TCD.Drawing.Common.csproj", "{54414344-6576-656C-6F70-535243532AB7}"
EndProject
Project("{9A19103F-16F7-4668-BE54-9A1E7A4F7556}") = "TCD.Drawing.Primitives", "sources\TCD.Drawing.Primitives\TCD.Drawing.Primitives.csproj", "{54414344-6576-656C-6F70-535243534EFB}"
EndProject
Project("{9A19103F-16F7-4668-BE54-9A1E7A4F7556}") = "TCD.Drawing.Text", "sources\TCD.Drawing.Text\TCD.Drawing.Text.csproj", "{54414344-6576-656C-6F70-535243538CA4}"
EndProject
Project("{9A19103F-16F7-4668-BE54-9A1E7A4F7556}") = "TCD.InteropServices", "sources\TCD.InteropServices\TCD.InteropServices.csproj", "{54414344-6576-656C-6F70-53524353E634}"
EndProject
Project("{9A19103F-16F7-4668-BE54-9A1E7A4F7556}") = "TCD.Native.Libui", "sources\TCD.Native.Libui\TCD.Native.Libui.csproj", "{54414344-6576-656C-6F70-535243533BFE}"
EndProject
Project("{9A19103F-16F7-4668-BE54-9A1E7A4F7556}") = "TCD.Numerics.Hashing", "sources\TCD.Numerics.Hashing\TCD.Numerics.Hashing.csproj", "{54414344-6576-656C-6F70-535243536AD7}"
EndProject
Project("{9A19103F-16F7-4668-BE54-9A1E7A4F7556}") = "TCD.Platform", "sources\TCD.Platform\TCD.Platform.csproj", "{54414344-6576-656C-6F70-53524353D47C}"
EndProject
Project("{9A19103F-16F7-4668-BE54-9A1E7A4F7556}") = "TCD.UI", "sources\TCD.UI\TCD.UI.csproj", "{54414344-6576-656C-6F70-5352435383A2}"
EndProject
Project("{2150E333-8FDC-42A3-9474-1A3956D46DE8}") = "tests", "tests", "{54414344-6576-656C-6F70-464C44520003}"
EndProject
Project("{9A19103F-16F7-4668-BE54-9A1E7A4F7556}") = "TCD.Collections.MultiValueDictionary.Tests", "tests\TCD.Collections.MultiValueDictionary.Tests\TCD.Collections.MultiValueDictionary.Tests.csproj", "{54414344-6576-656C-6F70-54455354933A}"
EndProject
Project("{9A19103F-16F7-4668-BE54-9A1E7A4F7556}") = "TCD.Disposable.Tests", "tests\TCD.Disposable.Tests\TCD.Disposable.Tests.csproj", "{54414344-6576-656C-6F70-544553547CB9}"
EndProject
Project("{9A19103F-16F7-4668-BE54-9A1E7A4F7556}") = "TCD.Drawing.Common.Tests", "tests\TCD.Drawing.Common.Tests\TCD.Drawing.Common.Tests.csproj", "{54414344-6576-656C-6F70-544553542AB7}"
EndProject
Project("{9A19103F-16F7-4668-BE54-9A1E7A4F7556}") = "TCD.Drawing.Primitives.Tests", "tests\TCD.Drawing.Primitives.Tests\TCD.Drawing.Primitives.Tests.csproj", "{54414344-6576-656C-6F70-544553544EFB}"
EndProject
Project("{9A19103F-16F7-4668-BE54-9A1E7A4F7556}") = "TCD.Drawing.Text.Tests", "tests\TCD.Drawing.Text.Tests\TCD.Drawing.Text.Tests.csproj", "{54414344-6576-656C-6F70-544553548CA4}"
EndProject
Project("{9A19103F-16F7-4668-BE54-9A1E7A4F7556}") = "TCD.InteropServices.Tests", "tests\TCD.InteropServices.Tests\TCD.InteropServices.Tests.csproj", "{54414344-6576-656C-6F70-54455354E634}"
EndProject
Project("{9A19103F-16F7-4668-BE54-9A1E7A4F7556}") = "TCD.Native.Libui.Tests", "tests\TCD.Native.Libui.Tests\TCD.Native.Libui.Tests.csproj", "{54414344-6576-656C-6F70-544553543BFE}"
EndProject
Project("{9A19103F-16F7-4668-BE54-9A1E7A4F7556}") = "TCD.Numerics.Hashing.Tests", "tests\TCD.Numerics.Hashing.Tests\TCD.Numerics.Hashing.Tests.csproj", "{54414344-6576-656C-6F70-544553546AD7}"
EndProject
Project("{9A19103F-16F7-4668-BE54-9A1E7A4F7556}") = "TCD.Platform.Tests", "tests\TCD.Platform.Tests\TCD.Platform.Tests.csproj", "{54414344-6576-656C-6F70-54455354D47C}"
EndProject
Project("{9A19103F-16F7-4668-BE54-9A1E7A4F7556}") = "TCD.UI.Tests", "tests\TCD.UI.Tests\TCD.UI.Tests.csproj", "{54414344-6576-656C-6F70-5445535483A2}"
EndProject
Global
	GlobalSection(SolutionConfigurationPlatforms) = preSolution
		Debug|Any CPU = Debug|Any CPU
		Release|Any CPU = Release|Any CPU
	EndGlobalSection
	GlobalSection(ProjectConfigurationPlatforms) = postSolution
		{54414344-6576-656C-6F70-53524353933A}.Debug|Any CPU.ActiveCfg = Debug|Any CPU
		{54414344-6576-656C-6F70-53524353933A}.Debug|Any CPU.Build.0 = Debug|Any CPU
		{54414344-6576-656C-6F70-53524353933A}.Release|Any CPU.ActiveCfg = Release|Any CPU
		{54414344-6576-656C-6F70-53524353933A}.Release|Any CPU.Build.0 = Release|Any CPU
		{54414344-6576-656C-6F70-535243537CB9}.Debug|Any CPU.ActiveCfg = Debug|Any CPU
		{54414344-6576-656C-6F70-535243537CB9}.Debug|Any CPU.Build.0 = Debug|Any CPU
		{54414344-6576-656C-6F70-535243537CB9}.Release|Any CPU.ActiveCfg = Release|Any CPU
		{54414344-6576-656C-6F70-535243537CB9}.Release|Any CPU.Build.0 = Release|Any CPU
		{54414344-6576-656C-6F70-535243532AB7}.Debug|Any CPU.ActiveCfg = Debug|Any CPU
		{54414344-6576-656C-6F70-535243532AB7}.Debug|Any CPU.Build.0 = Debug|Any CPU
		{54414344-6576-656C-6F70-535243532AB7}.Release|Any CPU.ActiveCfg = Release|Any CPU
		{54414344-6576-656C-6F70-535243532AB7}.Release|Any CPU.Build.0 = Release|Any CPU
		{54414344-6576-656C-6F70-535243534EFB}.Debug|Any CPU.ActiveCfg = Debug|Any CPU
		{54414344-6576-656C-6F70-535243534EFB}.Debug|Any CPU.Build.0 = Debug|Any CPU
		{54414344-6576-656C-6F70-535243534EFB}.Release|Any CPU.ActiveCfg = Release|Any CPU
		{54414344-6576-656C-6F70-535243534EFB}.Release|Any CPU.Build.0 = Release|Any CPU
		{54414344-6576-656C-6F70-535243538CA4}.Debug|Any CPU.ActiveCfg = Debug|Any CPU
		{54414344-6576-656C-6F70-535243538CA4}.Debug|Any CPU.Build.0 = Debug|Any CPU
		{54414344-6576-656C-6F70-535243538CA4}.Release|Any CPU.ActiveCfg = Release|Any CPU
		{54414344-6576-656C-6F70-535243538CA4}.Release|Any CPU.Build.0 = Release|Any CPU
		{54414344-6576-656C-6F70-53524353E634}.Debug|Any CPU.ActiveCfg = Debug|Any CPU
		{54414344-6576-656C-6F70-53524353E634}.Debug|Any CPU.Build.0 = Debug|Any CPU
		{54414344-6576-656C-6F70-53524353E634}.Release|Any CPU.ActiveCfg = Release|Any CPU
		{54414344-6576-656C-6F70-53524353E634}.Release|Any CPU.Build.0 = Release|Any CPU
		{54414344-6576-656C-6F70-535243533BFE}.Debug|Any CPU.ActiveCfg = Debug|Any CPU
		{54414344-6576-656C-6F70-535243533BFE}.Debug|Any CPU.Build.0 = Debug|Any CPU
		{54414344-6576-656C-6F70-535243533BFE}.Release|Any CPU.ActiveCfg = Release|Any CPU
		{54414344-6576-656C-6F70-535243533BFE}.Release|Any CPU.Build.0 = Release|Any CPU
		{54414344-6576-656C-6F70-535243536AD7}.Debug|Any CPU.ActiveCfg = Debug|Any CPU
		{54414344-6576-656C-6F70-535243536AD7}.Debug|Any CPU.Build.0 = Debug|Any CPU
		{54414344-6576-656C-6F70-535243536AD7}.Release|Any CPU.ActiveCfg = Release|Any CPU
		{54414344-6576-656C-6F70-535243536AD7}.Release|Any CPU.Build.0 = Release|Any CPU
		{54414344-6576-656C-6F70-53524353D47C}.Debug|Any CPU.ActiveCfg = Debug|Any CPU
		{54414344-6576-656C-6F70-53524353D47C}.Debug|Any CPU.Build.0 = Debug|Any CPU
		{54414344-6576-656C-6F70-53524353D47C}.Release|Any CPU.ActiveCfg = Release|Any CPU
		{54414344-6576-656C-6F70-53524353D47C}.Release|Any CPU.Build.0 = Release|Any CPU
		{54414344-6576-656C-6F70-5352435383A2}.Debug|Any CPU.ActiveCfg = Debug|Any CPU
		{54414344-6576-656C-6F70-5352435383A2}.Debug|Any CPU.Build.0 = Debug|Any CPU
		{54414344-6576-656C-6F70-5352435383A2}.Release|Any CPU.ActiveCfg = Release|Any CPU
		{54414344-6576-656C-6F70-5352435383A2}.Release|Any CPU.Build.0 = Release|Any CPU
		{54414344-6576-656C-6F70-54455354933A}.Debug|Any CPU.ActiveCfg = Debug|Any CPU
		{54414344-6576-656C-6F70-54455354933A}.Debug|Any CPU.Build.0 = Debug|Any CPU
		{54414344-6576-656C-6F70-54455354933A}.Release|Any CPU.ActiveCfg = Release|Any CPU
		{54414344-6576-656C-6F70-54455354933A}.Release|Any CPU.Build.0 = Release|Any CPU
		{54414344-6576-656C-6F70-544553547CB9}.Debug|Any CPU.ActiveCfg = Debug|Any CPU
		{54414344-6576-656C-6F70-544553547CB9}.Debug|Any CPU.Build.0 = Debug|Any CPU
		{54414344-6576-656C-6F70-544553547CB9}.Release|Any CPU.ActiveCfg = Release|Any CPU
		{54414344-6576-656C-6F70-544553547CB9}.Release|Any CPU.Build.0 = Release|Any CPU
		{54414344-6576-656C-6F70-544553542AB7}.Debug|Any CPU.ActiveCfg = Debug|Any CPU
		{54414344-6576-656C-6F70-544553542AB7}.Debug|Any CPU.Build.0 = Debug|Any CPU
		{54414344-6576-656C-6F70-544553542AB7}.Release|Any CPU.ActiveCfg = Release|Any CPU
		{54414344-6576-656C-6F70-544553542AB7}.Release|Any CPU.Build.0 = Release|Any CPU
		{54414344-6576-656C-6F70-544553544EFB}.Debug|Any CPU.ActiveCfg = Debug|Any CPU
		{54414344-6576-656C-6F70-544553544EFB}.Debug|Any CPU.Build.0 = Debug|Any CPU
		{54414344-6576-656C-6F70-544553544EFB}.Release|Any CPU.ActiveCfg = Release|Any CPU
		{54414344-6576-656C-6F70-544553544EFB}.Release|Any CPU.Build.0 = Release|Any CPU
		{54414344-6576-656C-6F70-544553548CA4}.Debug|Any CPU.ActiveCfg = Debug|Any CPU
		{54414344-6576-656C-6F70-544553548CA4}.Debug|Any CPU.Build.0 = Debug|Any CPU
		{54414344-6576-656C-6F70-544553548CA4}.Release|Any CPU.ActiveCfg = Release|Any CPU
		{54414344-6576-656C-6F70-544553548CA4}.Release|Any CPU.Build.0 = Release|Any CPU
		{54414344-6576-656C-6F70-54455354E634}.Debug|Any CPU.ActiveCfg = Debug|Any CPU
		{54414344-6576-656C-6F70-54455354E634}.Debug|Any CPU.Build.0 = Debug|Any CPU
		{54414344-6576-656C-6F70-54455354E634}.Release|Any CPU.ActiveCfg = Release|Any CPU
		{54414344-6576-656C-6F70-54455354E634}.Release|Any CPU.Build.0 = Release|Any CPU
		{54414344-6576-656C-6F70-544553543BFE}.Debug|Any CPU.ActiveCfg = Debug|Any CPU
		{54414344-6576-656C-6F70-544553543BFE}.Debug|Any CPU.Build.0 = Debug|Any CPU
		{54414344-6576-656C-6F70-544553543BFE}.Release|Any CPU.ActiveCfg = Release|Any CPU
		{54414344-6576-656C-6F70-544553543BFE}.Release|Any CPU.Build.0 = Release|Any CPU
		{54414344-6576-656C-6F70-544553546AD7}.Debug|Any CPU.ActiveCfg = Debug|Any CPU
		{54414344-6576-656C-6F70-544553546AD7}.Debug|Any CPU.Build.0 = Debug|Any CPU
		{54414344-6576-656C-6F70-544553546AD7}.Release|Any CPU.ActiveCfg = Release|Any CPU
		{54414344-6576-656C-6F70-544553546AD7}.Release|Any CPU.Build.0 = Release|Any CPU
		{54414344-6576-656C-6F70-54455354D47C}.Debug|Any CPU.ActiveCfg = Debug|Any CPU
		{54414344-6576-656C-6F70-54455354D47C}.Debug|Any CPU.Build.0 = Debug|Any CPU
		{54414344-6576-656C-6F70-54455354D47C}.Release|Any CPU.ActiveCfg = Release|Any CPU
		{54414344-6576-656C-6F70-54455354D47C}.Release|Any CPU.Build.0 = Release|Any CPU
		{54414344-6576-656C-6F70-5445535483A2}.Debug|Any CPU.ActiveCfg = Debug|Any CPU
		{54414344-6576-656C-6F70-5445535483A2}.Debug|Any CPU.Build.0 = Debug|Any CPU
		{54414344-6576-656C-6F70-5445535483A2}.Release|Any CPU.ActiveCfg = Release|Any CPU
		{54414344-6576-656C-6F70-5445535483A2}.Release|Any CPU.Build.0 = Release|Any CPU
	EndGlobalSection
	GlobalSection(SolutionProperties) = preSolution
		HideSolutionNode = FALSE
	EndGlobalSection
	GlobalSection(NestedProjects) = preSolution
		{54414344-6576-656C-6F70-53524353933A} = {54414344-6576-656C-6F70-464C44520002}
		{54414344-6576-656C-6F70-535243537CB9} = {54414344-6576-656C-6F70-464C44520002}
		{54414344-6576-656C-6F70-535243532AB7} = {54414344-6576-656C-6F70-464C44520002}
		{54414344-6576-656C-6F70-535243534EFB} = {54414344-6576-656C-6F70-464C44520002}
		{54414344-6576-656C-6F70-535243538CA4} = {54414344-6576-656C-6F70-464C44520002}
		{54414344-6576-656C-6F70-53524353E634} = {54414344-6576-656C-6F70-464C44520002}
		{54414344-6576-656C-6F70-535243533BFE} = {54414344-6576-656C-6F70-464C44520002}
		{54414344-6576-656C-6F70-535243536AD7} = {54414344-6576-656C-6F70-464C44520002}
		{54414344-6576-656C-6F70-53524353D47C} = {54414344-6576-656C-6F70-464C44520002}
		{54414344-6576-656C-6F70-5352435383A2} = {54414344-6576-656C-6F70-464C44520002}
		{54414344-6576-656C-6F70-54455354933A} = {54414344-6576-656C-6F70-464C44520003}
		{54414344-6576-656C-6F70-544553547CB9} = {54414344-6576-656C-6F70-464C44520003}
		{54414344-6576-656C-6F70-544553542AB7} = {54414344-6576-656C-6F70-464C44520003}
		{54414344-6576-656C-6F70-544553544EFB} = {54414344-6576-656C-6F70-464C44520003}
		{54414344-6576-656C-6F70-544553548CA4} = {54414344-6576-656C-6F70-464C44520003}
		{54414344-6576-656C-6F70-54455354E634} = {54414344-6576-656C-6F70-464C44520003}
		{54414344-6576-656C-6F70-544553543BFE} = {54414344-6576-656C-6F70-464C44520003}
		{54414344-6576-656C-6F70-544553546AD7} = {54414344-6576-656C-6F70-464C44520003}
		{54414344-6576-656C-6F70-54455354D47C} = {54414344-6576-656C-6F70-464C44520003}
		{54414344-6576-656C-6F70-5445535483A2} = {54414344-6576-656C-6F70-464C44520003}
	EndGlobalSection
	GlobalSection(ExtensibilityGlobals) = postSolution
		SolutionGuid = {54414344-6576-656C-6F70-534C4E530010}
	EndGlobalSection
EndGlobal
