Microsoft Visual Studio Solution File, Format Version 12.00
# Visual Studio Version 16
VisualStudioVersion = 16.0.29123.89
MinimumVisualStudioVersion = 10.0.40219.1
Project("{2150E333-8FDC-42A3-9474-1A3956D46DE8}") = "examples", "examples", "{54414344-6576-656C-4678-464C44523031}"
EndProject
Project("{2150E333-8FDC-42A3-9474-1A3956D46DE8}") = "sources", "sources", "{54414344-6576-656C-4678-464C44523032}"
EndProject
Project("{2150E333-8FDC-42A3-9474-1A3956D46DE8}") = "tests", "tests", "{54414344-6576-656C-4678-464C44523033}"
EndProject
Project("{9A19103F-16F7-4668-BE54-9A1E7A4F7556}") = "NativeCallExample", "examples\NativeCallExample\NativeCallExample.csproj", "{30205EA3-009A-4E44-9DD5-DECA8CA85590}"
EndProject
Project("{9A19103F-16F7-4668-BE54-9A1E7A4F7556}") = "DisposableExample", "examples\DisposableExample\DisposableExample.csproj", "{54414344-6576-656C-4678-455830303031}"
EndProject
Project("{9A19103F-16F7-4668-BE54-9A1E7A4F7556}") = "MultiValueDictionaryExample", "examples\MultiValueDictionaryExample\MultiValueDictionaryExample.csproj", "{54414344-6576-656C-4678-455830303032}"
EndProject
Project("{9A19103F-16F7-4668-BE54-9A1E7A4F7556}") = "NativeAssemblyExample", "examples\NativeAssemblyExample\NativeAssemblyExample.csproj", "{54414344-6576-656C-4678-455830303033}"
EndProject
Project("{9A19103F-16F7-4668-BE54-9A1E7A4F7556}") = "PlatformExample", "examples\PlatformExample\PlatformExample.csproj", "{54414344-6576-656C-4678-455830303034}"
EndProject
Project("{9A19103F-16F7-4668-BE54-9A1E7A4F7556}") = "SimpleWindowExample", "examples\SimpleWindowExample\SimpleWindowExample.csproj", "{54414344-6576-656C-4678-455830303035}"
EndProject
Project("{9A19103F-16F7-4668-BE54-9A1E7A4F7556}") = "SimpleWindowWithMenuExample", "examples\SimpleWindowWithMenuExample\SimpleWindowWithMenuExample.csproj", "{54414344-6576-656C-4678-455830303036}"
EndProject
Project("{9A19103F-16F7-4668-BE54-9A1E7A4F7556}") = "ControlGalleryExample", "examples\ControlGalleryExample\ControlGalleryExample.csproj", "{54414344-6576-656C-4678-455830303037}"
EndProject
Project("{9A19103F-16F7-4668-BE54-9A1E7A4F7556}") = "TCDFx.Core", "sources\TCDFx.Core\TCDFx.Core.csproj", "{54414344-6576-656C-4678-4C4942303031}"
EndProject
Project("{9A19103F-16F7-4668-BE54-9A1E7A4F7556}") = "TCDFx.UI", "sources\TCDFx.UI\TCDFx.UI.csproj", "{54414344-6576-656C-4678-4C4942303032}"
EndProject
Project("{9A19103F-16F7-4668-BE54-9A1E7A4F7556}") = "TCDFx.Core.Tests", "tests\TCDFx.Core.Tests\TCDFx.Core.Tests.csproj", "{54414344-6576-656C-4678-544553543031}"
EndProject
Project("{9A19103F-16F7-4668-BE54-9A1E7A4F7556}") = "TCDFx.UI.Tests", "tests\TCDFx.UI.Tests\TCDFx.UI.Tests.csproj", "{54414344-6576-656C-4678-544553543032}"
EndProject
Global
	GlobalSection(SolutionConfigurationPlatforms) = preSolution
		Debug|Any CPU = Debug|Any CPU
		Release|Any CPU = Release|Any CPU
	EndGlobalSection
	GlobalSection(ProjectConfigurationPlatforms) = postSolution
		{30205EA3-009A-4E44-9DD5-DECA8CA85590}.Release|Any CPU.Build.0 = Release|Any CPU
		{30205EA3-009A-4E44-9DD5-DECA8CA85590}.Release|Any CPU.ActiveCfg = Release|Any CPU
		{30205EA3-009A-4E44-9DD5-DECA8CA85590}.Debug|Any CPU.Build.0 = Debug|Any CPU
		{30205EA3-009A-4E44-9DD5-DECA8CA85590}.Debug|Any CPU.ActiveCfg = Debug|Any CPU
		{54414344-6576-656C-4678-455830303031}.Debug|Any CPU.ActiveCfg = Debug|Any CPU
		{54414344-6576-656C-4678-455830303031}.Debug|Any CPU.Build.0 = Debug|Any CPU
		{54414344-6576-656C-4678-455830303031}.Release|Any CPU.ActiveCfg = Release|Any CPU
		{54414344-6576-656C-4678-455830303031}.Release|Any CPU.Build.0 = Release|Any CPU
		{54414344-6576-656C-4678-455830303032}.Debug|Any CPU.ActiveCfg = Debug|Any CPU
		{54414344-6576-656C-4678-455830303032}.Debug|Any CPU.Build.0 = Debug|Any CPU
		{54414344-6576-656C-4678-455830303032}.Release|Any CPU.ActiveCfg = Release|Any CPU
		{54414344-6576-656C-4678-455830303032}.Release|Any CPU.Build.0 = Release|Any CPU
		{54414344-6576-656C-4678-455830303033}.Debug|Any CPU.ActiveCfg = Debug|Any CPU
		{54414344-6576-656C-4678-455830303033}.Debug|Any CPU.Build.0 = Debug|Any CPU
		{54414344-6576-656C-4678-455830303033}.Release|Any CPU.ActiveCfg = Release|Any CPU
		{54414344-6576-656C-4678-455830303033}.Release|Any CPU.Build.0 = Release|Any CPU
		{54414344-6576-656C-4678-455830303034}.Debug|Any CPU.ActiveCfg = Debug|Any CPU
		{54414344-6576-656C-4678-455830303034}.Debug|Any CPU.Build.0 = Debug|Any CPU
		{54414344-6576-656C-4678-455830303034}.Release|Any CPU.ActiveCfg = Release|Any CPU
		{54414344-6576-656C-4678-455830303034}.Release|Any CPU.Build.0 = Release|Any CPU
		{54414344-6576-656C-4678-455830303035}.Debug|Any CPU.ActiveCfg = Debug|Any CPU
		{54414344-6576-656C-4678-455830303035}.Debug|Any CPU.Build.0 = Debug|Any CPU
		{54414344-6576-656C-4678-455830303035}.Release|Any CPU.ActiveCfg = Release|Any CPU
		{54414344-6576-656C-4678-455830303035}.Release|Any CPU.Build.0 = Release|Any CPU
		{54414344-6576-656C-4678-455830303036}.Debug|Any CPU.ActiveCfg = Debug|Any CPU
		{54414344-6576-656C-4678-455830303036}.Debug|Any CPU.Build.0 = Debug|Any CPU
		{54414344-6576-656C-4678-455830303036}.Release|Any CPU.ActiveCfg = Release|Any CPU
		{54414344-6576-656C-4678-455830303036}.Release|Any CPU.Build.0 = Release|Any CPU
		{54414344-6576-656C-4678-455830303037}.Debug|Any CPU.ActiveCfg = Debug|Any CPU
		{54414344-6576-656C-4678-455830303037}.Debug|Any CPU.Build.0 = Debug|Any CPU
		{54414344-6576-656C-4678-455830303037}.Release|Any CPU.ActiveCfg = Release|Any CPU
		{54414344-6576-656C-4678-455830303037}.Release|Any CPU.Build.0 = Release|Any CPU
		{54414344-6576-656C-4678-4C4942303031}.Debug|Any CPU.ActiveCfg = Debug|Any CPU
		{54414344-6576-656C-4678-4C4942303031}.Debug|Any CPU.Build.0 = Debug|Any CPU
		{54414344-6576-656C-4678-4C4942303031}.Release|Any CPU.ActiveCfg = Release|Any CPU
		{54414344-6576-656C-4678-4C4942303031}.Release|Any CPU.Build.0 = Release|Any CPU
		{54414344-6576-656C-4678-4C4942303032}.Debug|Any CPU.ActiveCfg = Debug|Any CPU
		{54414344-6576-656C-4678-4C4942303032}.Debug|Any CPU.Build.0 = Debug|Any CPU
		{54414344-6576-656C-4678-4C4942303032}.Release|Any CPU.ActiveCfg = Release|Any CPU
		{54414344-6576-656C-4678-4C4942303032}.Release|Any CPU.Build.0 = Release|Any CPU
		{54414344-6576-656C-4678-544553543031}.Debug|Any CPU.ActiveCfg = Debug|Any CPU
		{54414344-6576-656C-4678-544553543031}.Debug|Any CPU.Build.0 = Debug|Any CPU
		{54414344-6576-656C-4678-544553543031}.Release|Any CPU.ActiveCfg = Release|Any CPU
		{54414344-6576-656C-4678-544553543031}.Release|Any CPU.Build.0 = Release|Any CPU
		{54414344-6576-656C-4678-544553543032}.Debug|Any CPU.ActiveCfg = Debug|Any CPU
		{54414344-6576-656C-4678-544553543032}.Debug|Any CPU.Build.0 = Debug|Any CPU
		{54414344-6576-656C-4678-544553543032}.Release|Any CPU.ActiveCfg = Release|Any CPU
		{54414344-6576-656C-4678-544553543032}.Release|Any CPU.Build.0 = Release|Any CPU
	EndGlobalSection
	GlobalSection(SolutionProperties) = preSolution
		HideSolutionNode = FALSE
	EndGlobalSection
	GlobalSection(NestedProjects) = preSolution
		{30205EA3-009A-4E44-9DD5-DECA8CA85590} = {175E6581-7B78-4B67-A26C-B01BE5DEADE9}
		{54414344-6576-656C-4678-455830303031} = {54414344-6576-656C-4678-464C44523031}
		{54414344-6576-656C-4678-455830303032} = {54414344-6576-656C-4678-464C44523031}
		{54414344-6576-656C-4678-455830303033} = {54414344-6576-656C-4678-464C44523031}
		{54414344-6576-656C-4678-455830303034} = {54414344-6576-656C-4678-464C44523031}
		{54414344-6576-656C-4678-455830303035} = {54414344-6576-656C-4678-464C44523031}
		{54414344-6576-656C-4678-455830303036} = {54414344-6576-656C-4678-464C44523031}
		{54414344-6576-656C-4678-455830303037} = {54414344-6576-656C-4678-464C44523031}
		{54414344-6576-656C-4678-4C4942303031} = {54414344-6576-656C-4678-464C44523032}
		{54414344-6576-656C-4678-4C4942303032} = {54414344-6576-656C-4678-464C44523032}
		{54414344-6576-656C-4678-544553543031} = {54414344-6576-656C-4678-464C44523033}
		{54414344-6576-656C-4678-544553543032} = {54414344-6576-656C-4678-464C44523033}
	EndGlobalSection
	GlobalSection(ExtensibilityGlobals) = postSolution
		SolutionGuid = {54414344-6576-656C-4678-534C4E303030}
	EndGlobalSection
EndGlobal
