Microsoft Visual Studio Solution File, Format Version 12.00
# Visual Studio Version 16
VisualStudioVersion = 16.0.28407.52
MinimumVisualStudioVersion = 10.0.40219.1
Project("{2150E333-8FDC-42A3-9474-1A3956D46DE8}") = "sources", "sources", "{C4C37663-FBF9-49EA-9B9F-F2D3CDF8DA13}"
EndProject
Project("{9A19103F-16F7-4668-BE54-9A1E7A4F7556}") = "TCDFx.Core", "sources\TCDFx.Core\TCDFx.Core.csproj", "{786E0F29-E60D-45D5-87C2-2596830B1573}"
EndProject
Project("{9A19103F-16F7-4668-BE54-9A1E7A4F7556}") = "TCDFx.UI", "sources\TCDFx.UI\TCDFx.UI.csproj", "{0D3776CD-6263-4981-B26C-5FACC7DBB39E}"
EndProject
Project("{2150E333-8FDC-42A3-9474-1A3956D46DE8}") = "tests", "tests", "{774739B0-AF80-47B1-88FB-CA900000933E}"
EndProject
Project("{9A19103F-16F7-4668-BE54-9A1E7A4F7556}") = "TCDFx.CoreTests", "tests\TCDFx.CoreTests\TCDFx.CoreTests.csproj", "{0A2BBDDB-D376-4686-B279-CDB5015B658C}"
EndProject
Project("{9A19103F-16F7-4668-BE54-9A1E7A4F7556}") = "TCDFx.UITests", "tests\TCDFx.UITests\TCDFx.UITests.csproj", "{DAC5ED2F-DF46-461B-8E76-FC5789A0D900}"
EndProject
Global
	GlobalSection(SolutionConfigurationPlatforms) = preSolution
		Debug|Any CPU = Debug|Any CPU
		Release|Any CPU = Release|Any CPU
	EndGlobalSection
	GlobalSection(ProjectConfigurationPlatforms) = postSolution
		{786E0F29-E60D-45D5-87C2-2596830B1573}.Debug|Any CPU.ActiveCfg = Debug|Any CPU
		{786E0F29-E60D-45D5-87C2-2596830B1573}.Debug|Any CPU.Build.0 = Debug|Any CPU
		{786E0F29-E60D-45D5-87C2-2596830B1573}.Release|Any CPU.ActiveCfg = Release|Any CPU
		{786E0F29-E60D-45D5-87C2-2596830B1573}.Release|Any CPU.Build.0 = Release|Any CPU
		{0D3776CD-6263-4981-B26C-5FACC7DBB39E}.Debug|Any CPU.ActiveCfg = Debug|Any CPU
		{0D3776CD-6263-4981-B26C-5FACC7DBB39E}.Debug|Any CPU.Build.0 = Debug|Any CPU
		{0D3776CD-6263-4981-B26C-5FACC7DBB39E}.Release|Any CPU.ActiveCfg = Release|Any CPU
		{0D3776CD-6263-4981-B26C-5FACC7DBB39E}.Release|Any CPU.Build.0 = Release|Any CPU
		{0A2BBDDB-D376-4686-B279-CDB5015B658C}.Debug|Any CPU.ActiveCfg = Debug|Any CPU
		{0A2BBDDB-D376-4686-B279-CDB5015B658C}.Debug|Any CPU.Build.0 = Debug|Any CPU
		{0A2BBDDB-D376-4686-B279-CDB5015B658C}.Release|Any CPU.ActiveCfg = Release|Any CPU
		{0A2BBDDB-D376-4686-B279-CDB5015B658C}.Release|Any CPU.Build.0 = Release|Any CPU
		{DAC5ED2F-DF46-461B-8E76-FC5789A0D900}.Debug|Any CPU.ActiveCfg = Debug|Any CPU
		{DAC5ED2F-DF46-461B-8E76-FC5789A0D900}.Debug|Any CPU.Build.0 = Debug|Any CPU
		{DAC5ED2F-DF46-461B-8E76-FC5789A0D900}.Release|Any CPU.ActiveCfg = Release|Any CPU
		{DAC5ED2F-DF46-461B-8E76-FC5789A0D900}.Release|Any CPU.Build.0 = Release|Any CPU
	EndGlobalSection
	GlobalSection(SolutionProperties) = preSolution
		HideSolutionNode = FALSE
	EndGlobalSection
	GlobalSection(NestedProjects) = preSolution
		{786E0F29-E60D-45D5-87C2-2596830B1573} = {C4C37663-FBF9-49EA-9B9F-F2D3CDF8DA13}
		{0D3776CD-6263-4981-B26C-5FACC7DBB39E} = {C4C37663-FBF9-49EA-9B9F-F2D3CDF8DA13}
		{0A2BBDDB-D376-4686-B279-CDB5015B658C} = {774739B0-AF80-47B1-88FB-CA900000933E}
		{DAC5ED2F-DF46-461B-8E76-FC5789A0D900} = {774739B0-AF80-47B1-88FB-CA900000933E}
	EndGlobalSection
	GlobalSection(ExtensibilityGlobals) = postSolution
		SolutionGuid = {E7D781F8-DFAE-497A-9B4A-F340D9D91109}
	EndGlobalSection
EndGlobal
