Microsoft Visual Studio Solution File, Format Version 12.00
# Visual Studio Version 16
VisualStudioVersion = 16.0.28407.52
MinimumVisualStudioVersion = 10.0.40219.1
Project("{2150E333-8FDC-42A3-9474-1A3956D46DE8}") = "sources", "sources", "{C4C37663-FBF9-49EA-9B9F-F2D3CDF8DA13}"
EndProject
Project("{9A19103F-16F7-4668-BE54-9A1E7A4F7556}") = "TCDFx.Core", "sources\TCDFx.Core\TCDFx.Core.csproj", "{786E0F29-E60D-45D5-87C2-2596830B1573}"
EndProject
Project("{9A19103F-16F7-4668-BE54-9A1E7A4F7556}") = "TCDFx.UI", "sources\TCDFx.UI\TCDFx.UI.csproj", "{0D3776CD-6263-4981-B26C-5FACC7DBB39E}"
EndProject
Global
	GlobalSection(SolutionConfigurationPlatforms) = preSolution
		Debug|Any CPU = Debug|Any CPU
		Release|Any CPU = Release|Any CPU
	EndGlobalSection
	GlobalSection(ProjectConfigurationPlatforms) = postSolution
		{786E0F29-E60D-45D5-87C2-2596830B1573}.Debug|Any CPU.ActiveCfg = Debug|Any CPU
		{786E0F29-E60D-45D5-87C2-2596830B1573}.Debug|Any CPU.Build.0 = Debug|Any CPU
		{786E0F29-E60D-45D5-87C2-2596830B1573}.Release|Any CPU.ActiveCfg = Release|Any CPU
		{786E0F29-E60D-45D5-87C2-2596830B1573}.Release|Any CPU.Build.0 = Release|Any CPU
		{0D3776CD-6263-4981-B26C-5FACC7DBB39E}.Debug|Any CPU.ActiveCfg = Debug|Any CPU
		{0D3776CD-6263-4981-B26C-5FACC7DBB39E}.Debug|Any CPU.Build.0 = Debug|Any CPU
		{0D3776CD-6263-4981-B26C-5FACC7DBB39E}.Release|Any CPU.ActiveCfg = Release|Any CPU
		{0D3776CD-6263-4981-B26C-5FACC7DBB39E}.Release|Any CPU.Build.0 = Release|Any CPU
	EndGlobalSection
	GlobalSection(SolutionProperties) = preSolution
		HideSolutionNode = FALSE
	EndGlobalSection
	GlobalSection(NestedProjects) = preSolution
		{786E0F29-E60D-45D5-87C2-2596830B1573} = {C4C37663-FBF9-49EA-9B9F-F2D3CDF8DA13}
		{0D3776CD-6263-4981-B26C-5FACC7DBB39E} = {C4C37663-FBF9-49EA-9B9F-F2D3CDF8DA13}
	EndGlobalSection
	GlobalSection(ExtensibilityGlobals) = postSolution
		SolutionGuid = {68D24747-BE0E-4F7D-9C4B-B56E8BD07959}
	EndGlobalSection
EndGlobal
